PODS:
  - FPSLabel (1.0.1)
  - QKSliderView (0.1.0)

DEPENDENCIES:
  - FPSLabel
  - QKSliderView (from `../`)

SPEC REPOS:
  https://github.com/cocoapods/specs.git:
    - FPSLabel

EXTERNAL SOURCES:
  QKSliderView:
    :path: "../"

SPEC CHECKSUMS:
  FPSLabel: a6386de76a8fa767102bcb2c18b7c605a3ac3d75
  QKSliderView: 4f06c9f62107a4f689c4c95e8d3cfd63031b9731

PODFILE CHECKSUM: 99ee1e9951b01d0f95f5fb85ff79eed94713fd5e

COCOAPODS: 1.5.3
